
Microsoft Visual Studio Solution File, Format Version 12.00
# Visual Studio Version 17
VisualStudioVersion = 17.14.36203.30 d17.14
MinimumVisualStudioVersion = 10.0.40219.1
Project("{FAE04EC0-301F-11D3-BF4B-00C04F79EFBC}") = "vi-functions", "vi-functions.csproj", "{D7D1B523-9250-4434-A5FD-066FFABFA7DE}"
EndProject
Global
	GlobalSection(SolutionConfigurationPlatforms) = preSolution
		Debug|Any CPU = Debug|Any CPU
		Release|Any CPU = Release|Any CPU
	EndGlobalSection
	GlobalSection(ProjectConfigurationPlatforms) = postSolution
		{D7D1B523-9250-4434-A5FD-066FFABFA7DE}.Debug|Any CPU.ActiveCfg = Debug|Any CPU
		{D7D1B523-9250-4434-A5FD-066FFABFA7DE}.Debug|Any CPU.Build.0 = Debug|Any CPU
		{D7D1B523-9250-4434-A5FD-066FFABFA7DE}.Release|Any CPU.ActiveCfg = Release|Any CPU
		{D7D1B523-9250-4434-A5FD-066FFABFA7DE}.Release|Any CPU.Build.0 = Release|Any CPU
	EndGlobalSection
	GlobalSection(SolutionProperties) = preSolution
		HideSolutionNode = FALSE
	EndGlobalSection
	GlobalSection(ExtensibilityGlobals) = postSolution
		SolutionGuid = {870ABFD7-EC0B-4CA6-8D3B-A161F3BA1FF0}
	EndGlobalSection
EndGlobal
